// !$*UTF8*$!
{
	archiveVersion = 1;
	classes = {
	};
	objectVersion = 46;
	objects = {

/* Begin PBXBuildFile section */
		39AAE89A1AF7EBD80085691E /* main.m in Sources */ = {isa = PBXBuildFile; fileRef = 39AAE8991AF7EBD80085691E /* main.m */; };
		39AAE89D1AF7EBD80085691E /* AppDelegate.m in Sources */ = {isa = PBXBuildFile; fileRef = 39AAE89C1AF7EBD80085691E /* AppDelegate.m */; };
		39AAE8A01AF7EBD80085691E /* ViewController.m in Sources */ = {isa = PBXBuildFile; fileRef = 39AAE89F1AF7EBD80085691E /* ViewController.m */; };
		39AAE8A31AF7EBD80085691E /* Main.storyboard in Resources */ = {isa = PBXBuildFile; fileRef = 39AAE8A11AF7EBD80085691E /* Main.storyboard */; };
		39AAE8A51AF7EBD80085691E /* Images.xcassets in Resources */ = {isa = PBXBuildFile; fileRef = 39AAE8A41AF7EBD80085691E /* Images.xcassets */; };
		39AAE8A81AF7EBD80085691E /* LaunchScreen.xib in Resources */ = {isa = PBXBuildFile; fileRef = 39AAE8A61AF7EBD80085691E /* LaunchScreen.xib */; };
		39AAE8B41AF7EBD80085691E /* BikeShareAppTests.m in Sources */ = {isa = PBXBuildFile; fileRef = 39AAE8B31AF7EBD80085691E /* BikeShareAppTests.m */; };
		39AAE8C31AF7ECDF0085691E /* MapViewController.m in Sources */ = {isa = PBXBuildFile; fileRef = 39AAE8C21AF7ECDF0085691E /* MapViewController.m */; };
		39AAE8C61AF7F0A80085691E /* MoreInfoViewController.m in Sources */ = {isa = PBXBuildFile; fileRef = 39AAE8C51AF7F0A80085691E /* MoreInfoViewController.m */; };
/* End PBXBuildFile section */

/* Begin PBXContainerItemProxy section */
		39AAE8AE1AF7EBD80085691E /* PBXContainerItemProxy */ = {
			isa = PBXContainerItemProxy;
			containerPortal = 39AAE88C1AF7EBD80085691E /* Project object */;
			proxyType = 1;
			remoteGlobalIDString = 39AAE8931AF7EBD80085691E;
			remoteInfo = BikeShareApp;
		};
/* End PBXContainerItemProxy section */

/* Begin PBXFileReference section */
		39AAE8941AF7EBD80085691E /* BikeShareApp.app */ = {isa = PBXFileReference; explicitFileType = wrapper.application; includeInIndex = 0; path = BikeShareApp.app; sourceTree = BUILT_PRODUCTS_DIR; };
		39AAE8981AF7EBD80085691E /* Info.plist */ = {isa = PBXFileReference; lastKnownFileType = text.plist.xml; path = Info.plist; sourceTree = "<group>"; };
		39AAE8991AF7EBD80085691E /* main.m */ = {isa = PBXFileReference; lastKnownFileType = sourcecode.c.objc; path = main.m; sourceTree = "<group>"; };
		39AAE89B1AF7EBD80085691E /* AppDelegate.h */ = {isa = PBXFileReference; lastKnownFileType = sourcecode.c.h; path = AppDelegate.h; sourceTree = "<group>"; };
		39AAE89C1AF7EBD80085691E /* AppDelegate.m */ = {isa = PBXFileReference; lastKnownFileType = sourcecode.c.objc; path = AppDelegate.m; sourceTree = "<group>"; };
		39AAE89E1AF7EBD80085691E /* ViewController.h */ = {isa = PBXFileReference; lastKnownFileType = sourcecode.c.h; path = ViewController.h; sourceTree = "<group>"; };
		39AAE89F1AF7EBD80085691E /* ViewController.m */ = {isa = PBXFileReference; lastKnownFileType = sourcecode.c.objc; path = ViewController.m; sourceTree = "<group>"; };
		39AAE8A21AF7EBD80085691E /* Base */ = {isa = PBXFileReference; lastKnownFileType = file.storyboard; name = Base; path = Base.lproj/Main.storyboard; sourceTree = "<group>"; };
		39AAE8A41AF7EBD80085691E /* Images.xcassets */ = {isa = PBXFileReference; lastKnownFileType = folder.assetcatalog; path = Images.xcassets; sourceTree = "<group>"; };
		39AAE8A71AF7EBD80085691E /* Base */ = {isa = PBXFileReference; lastKnownFileType = file.xib; name = Base; path = Base.lproj/LaunchScreen.xib; sourceTree = "<group>"; };
		39AAE8AD1AF7EBD80085691E /* BikeShareAppTests.xctest */ = {isa = PBXFileReference; explicitFileType = wrapper.cfbundle; includeInIndex = 0; path = BikeShareAppTests.xctest; sourceTree = BUILT_PRODUCTS_DIR; };
		39AAE8B21AF7EBD80085691E /* Info.plist */ = {isa = PBXFileReference; lastKnownFileType = text.plist.xml; path = Info.plist; sourceTree = "<group>"; };
		39AAE8B31AF7EBD80085691E /* BikeShareAppTests.m */ = {isa = PBXFileReference; lastKnownFileType = sourcecode.c.objc; path = BikeShareAppTests.m; sourceTree = "<group>"; };
		39AAE8C11AF7ECDF0085691E /* MapViewController.h */ = {isa = PBXFileReference; fileEncoding = 4; lastKnownFileType = sourcecode.c.h; path = MapViewController.h; sourceTree = "<group>"; };
		39AAE8C21AF7ECDF0085691E /* MapViewController.m */ = {isa = PBXFileReference; fileEncoding = 4; lastKnownFileType = sourcecode.c.objc; path = MapViewController.m; sourceTree = "<group>"; };
		39AAE8C41AF7F0A80085691E /* MoreInfoViewController.h */ = {isa = PBXFileReference; fileEncoding = 4; lastKnownFileType = sourcecode.c.h; path = MoreInfoViewController.h; sourceTree = "<group>"; };
		39AAE8C51AF7F0A80085691E /* MoreInfoViewController.m */ = {isa = PBXFileReference; fileEncoding = 4; lastKnownFileType = sourcecode.c.objc; path = MoreInfoViewController.m; sourceTree = "<group>"; };
/* End PBXFileReference section */

/* Begin PBXFrameworksBuildPhase section */
		39AAE8911AF7EBD80085691E /* Frameworks */ = {
			isa = PBXFrameworksBuildPhase;
			buildActionMask = 2147483647;
			files = (
			);
			runOnlyForDeploymentPostprocessing = 0;
		};
		39AAE8AA1AF7EBD80085691E /* Frameworks */ = {
			isa = PBXFrameworksBuildPhase;
			buildActionMask = 2147483647;
			files = (
			);
			runOnlyForDeploymentPostprocessing = 0;
		};
/* End PBXFrameworksBuildPhase section */

/* Begin PBXGroup section */
		39AAE88B1AF7EBD80085691E = {
			isa = PBXGroup;
			children = (
				39AAE8BD1AF7EC760085691E /* Model */,
				39AAE8C01AF7EC9D0085691E /* View */,
				39AAE8BF1AF7EC8F0085691E /* Controller */,
				39AAE8961AF7EBD80085691E /* BikeShareApp */,
				39AAE8B01AF7EBD80085691E /* BikeShareAppTests */,
				39AAE8951AF7EBD80085691E /* Products */,
			);
			sourceTree = "<group>";
		};
		39AAE8951AF7EBD80085691E /* Products */ = {
			isa = PBXGroup;
			children = (
				39AAE8941AF7EBD80085691E /* BikeShareApp.app */,
				39AAE8AD1AF7EBD80085691E /* BikeShareAppTests.xctest */,
			);
			name = Products;
			sourceTree = "<group>";
		};
		39AAE8961AF7EBD80085691E /* BikeShareApp */ = {
			isa = PBXGroup;
			children = (
				39AAE89B1AF7EBD80085691E /* AppDelegate.h */,
				39AAE89C1AF7EBD80085691E /* AppDelegate.m */,
				39AAE89E1AF7EBD80085691E /* ViewController.h */,
				39AAE89F1AF7EBD80085691E /* ViewController.m */,
				39AAE8A11AF7EBD80085691E /* Main.storyboard */,
				39AAE8A41AF7EBD80085691E /* Images.xcassets */,
				39AAE8A61AF7EBD80085691E /* LaunchScreen.xib */,
				39AAE8971AF7EBD80085691E /* Supporting Files */,
			);
			path = BikeShareApp;
			sourceTree = "<group>";
		};
		39AAE8971AF7EBD80085691E /* Supporting Files */ = {
			isa = PBXGroup;
			children = (
				39AAE8981AF7EBD80085691E /* Info.plist */,
				39AAE8991AF7EBD80085691E /* main.m */,
			);
			name = "Supporting Files";
			sourceTree = "<group>";
		};
		39AAE8B01AF7EBD80085691E /* BikeShareAppTests */ = {
			isa = PBXGroup;
			children = (
				39AAE8B31AF7EBD80085691E /* BikeShareAppTests.m */,
				39AAE8B11AF7EBD80085691E /* Supporting Files */,
			);
			path = BikeShareAppTests;
			sourceTree = "<group>";
		};
		39AAE8B11AF7EBD80085691E /* Supporting Files */ = {
			isa = PBXGroup;
			children = (
				39AAE8B21AF7EBD80085691E /* Info.plist */,
			);
			name = "Supporting Files";
			sourceTree = "<group>";
		};
		39AAE8BD1AF7EC760085691E /* Model */ = {
			isa = PBXGroup;
			children = (
			);
			name = Model;
			sourceTree = "<group>";
		};
		39AAE8BF1AF7EC8F0085691E /* Controller */ = {
			isa = PBXGroup;
			children = (
				39AAE8C11AF7ECDF0085691E /* MapViewController.h */,
				39AAE8C21AF7ECDF0085691E /* MapViewController.m */,
				39AAE8C41AF7F0A80085691E /* MoreInfoViewController.h */,
				39AAE8C51AF7F0A80085691E /* MoreInfoViewController.m */,
			);
			name = Controller;
			sourceTree = "<group>";
		};
		39AAE8C01AF7EC9D0085691E /* View */ = {
			isa = PBXGroup;
			children = (
			);
			name = View;
			sourceTree = "<group>";
		};
/* End PBXGroup section */

/* Begin PBXNativeTarget section */
		39AAE8931AF7EBD80085691E /* BikeShareApp */ = {
			isa = PBXNativeTarget;
			buildConfigurationList = 39AAE8B71AF7EBD80085691E /* Build configuration list for PBXNativeTarget "BikeShareApp" */;
			buildPhases = (
				39AAE8901AF7EBD80085691E /* Sources */,
				39AAE8911AF7EBD80085691E /* Frameworks */,
				39AAE8921AF7EBD80085691E /* Resources */,
			);
			buildRules = (
			);
			dependencies = (
			);
			name = BikeShareApp;
			productName = BikeShareApp;
			productReference = 39AAE8941AF7EBD80085691E /* BikeShareApp.app */;
			productType = "com.apple.product-type.application";
		};
		39AAE8AC1AF7EBD80085691E /* BikeShareAppTests */ = {
			isa = PBXNativeTarget;
			buildConfigurationList = 39AAE8BA1AF7EBD80085691E /* Build configuration list for PBXNativeTarget "BikeShareAppTests" */;
			buildPhases = (
				39AAE8A91AF7EBD80085691E /* Sources */,
				39AAE8AA1AF7EBD80085691E /* Frameworks */,
				39AAE8AB1AF7EBD80085691E /* Resources */,
			);
			buildRules = (
			);
			dependencies = (
				39AAE8AF1AF7EBD80085691E /* PBXTargetDependency */,
			);
			name = BikeShareAppTests;
			productName = BikeShareAppTests;
			productReference = 39AAE8AD1AF7EBD80085691E /* BikeShareAppTests.xctest */;
			productType = "com.apple.product-type.bundle.unit-test";
		};
/* End PBXNativeTarget section */

/* Begin PBXProject section */
		39AAE88C1AF7EBD80085691E /* Project object */ = {
			isa = PBXProject;
			attributes = {
				LastUpgradeCheck = 0630;
				ORGANIZATIONNAME = "Eff Dee Productions";
				TargetAttributes = {
					39AAE8931AF7EBD80085691E = {
						CreatedOnToolsVersion = 6.3.1;
					};
					39AAE8AC1AF7EBD80085691E = {
						CreatedOnToolsVersion = 6.3.1;
						TestTargetID = 39AAE8931AF7EBD80085691E;
					};
				};
			};
			buildConfigurationList = 39AAE88F1AF7EBD80085691E /* Build configuration list for PBXProject "BikeShareApp" */;
			compatibilityVersion = "Xcode 3.2";
			developmentRegion = English;
			hasScannedForEncodings = 0;
			knownRegions = (
				en,
				Base,
			);
			mainGroup = 39AAE88B1AF7EBD80085691E;
			productRefGroup = 39AAE8951AF7EBD80085691E /* Products */;
			projectDirPath = "";
			projectRoot = "";
			targets = (
				39AAE8931AF7EBD80085691E /* BikeShareApp */,
				39AAE8AC1AF7EBD80085691E /* BikeShareAppTests */,
			);
		};
/* End PBXProject section */

/* Begin PBXResourcesBuildPhase section */
		39AAE8921AF7EBD80085691E /* Resources */ = {
			isa = PBXResourcesBuildPhase;
			buildActionMask = 2147483647;
			files = (
				39AAE8A31AF7EBD80085691E /* Main.storyboard in Resources */,
				39AAE8A81AF7EBD80085691E /* LaunchScreen.xib in Resources */,
				39AAE8A51AF7EBD80085691E /* Images.xcassets in Resources */,
			);
			runOnlyForDeploymentPostprocessing = 0;
		};
		39AAE8AB1AF7EBD80085691E /* Resources */ = {
			isa = PBXResourcesBuildPhase;
			buildActionMask = 2147483647;
			files = (
			);
			runOnlyForDeploymentPostprocessing = 0;
		};
/* End PBXResourcesBuildPhase section */

/* Begin PBXSourcesBuildPhase section */
		39AAE8901AF7EBD80085691E /* Sources */ = {
			isa = PBXSourcesBuildPhase;
			buildActionMask = 2147483647;
			files = (
				39AAE8C61AF7F0A80085691E /* MoreInfoViewController.m in Sources */,
				39AAE8A01AF7EBD80085691E /* ViewController.m in Sources */,
				39AAE89D1AF7EBD80085691E /* AppDelegate.m in Sources */,
				39AAE89A1AF7EBD80085691E /* main.m in Sources */,
				39AAE8C31AF7ECDF0085691E /* MapViewController.m in Sources */,
			);
			runOnlyForDeploymentPostprocessing = 0;
		};
		39AAE8A91AF7EBD80085691E /* Sources */ = {
			isa = PBXSourcesBuildPhase;
			buildActionMask = 2147483647;
			files = (
				39AAE8B41AF7EBD80085691E /* BikeShareAppTests.m in Sources */,
			);
			runOnlyForDeploymentPostprocessing = 0;
		};
/* End PBXSourcesBuildPhase section */

/* Begin PBXTargetDependency section */
		39AAE8AF1AF7EBD80085691E /* PBXTargetDependency */ = {
			isa = PBXTargetDependency;
			target = 39AAE8931AF7EBD80085691E /* BikeShareApp */;
			targetProxy = 39AAE8AE1AF7EBD80085691E /* PBXContainerItemProxy */;
		};
/* End PBXTargetDependency section */

/* Begin PBXVariantGroup section */
		39AAE8A11AF7EBD80085691E /* Main.storyboard */ = {
			isa = PBXVariantGroup;
			children = (
				39AAE8A21AF7EBD80085691E /* Base */,
			);
			name = Main.storyboard;
			sourceTree = "<group>";
		};
		39AAE8A61AF7EBD80085691E /* LaunchScreen.xib */ = {
			isa = PBXVariantGroup;
			children = (
				39AAE8A71AF7EBD80085691E /* Base */,
			);
			name = LaunchScreen.xib;
			sourceTree = "<group>";
		};
/* End PBXVariantGroup section */

/* Begin XCBuildConfiguration section */
		39AAE8B51AF7EBD80085691E /* Debug */ = {
			isa = XCBuildConfiguration;
			buildSettings = {
				ALWAYS_SEARCH_USER_PATHS = NO;
				CLANG_CXX_LANGUAGE_STANDARD = "gnu++0x";
				CLANG_CXX_LIBRARY = "libc++";
				CLANG_ENABLE_MODULES = YES;
				CLANG_ENABLE_OBJC_ARC = YES;
				CLANG_WARN_BOOL_CONVERSION = YES;
				CLANG_WARN_CONSTANT_CONVERSION = YES;
				CLANG_WARN_DIRECT_OBJC_ISA_USAGE = YES_ERROR;
				CLANG_WARN_EMPTY_BODY = YES;
				CLANG_WARN_ENUM_CONVERSION = YES;
				CLANG_WARN_INT_CONVERSION = YES;
				CLANG_WARN_OBJC_ROOT_CLASS = YES_ERROR;
				CLANG_WARN_UNREACHABLE_CODE = YES;
				CLANG_WARN__DUPLICATE_METHOD_MATCH = YES;
				"CODE_SIGN_IDENTITY[sdk=iphoneos*]" = "iPhone Developer";
				COPY_PHASE_STRIP = NO;
				DEBUG_INFORMATION_FORMAT = "dwarf-with-dsym";
				ENABLE_STRICT_OBJC_MSGSEND = YES;
				GCC_C_LANGUAGE_STANDARD = gnu99;
				GCC_DYNAMIC_NO_PIC = NO;
				GCC_NO_COMMON_BLOCKS = YES;
				GCC_OPTIMIZATION_LEVEL = 0;
				GCC_PREPROCESSOR_DEFINITIONS = (
					"DEBUG=1",
					"$(inherited)",
				);
				GCC_SYMBOLS_PRIVATE_EXTERN = NO;
				GCC_WARN_64_TO_32_BIT_CONVERSION = YES;
				GCC_WARN_ABOUT_RETURN_TYPE = YES_ERROR;
				GCC_WARN_UNDECLARED_SELECTOR = YES;
				GCC_WARN_UNINITIALIZED_AUTOS = YES_AGGRESSIVE;
				GCC_WARN_UNUSED_FUNCTION = YES;
				GCC_WARN_UNUSED_VARIABLE = YES;
				IPHONEOS_DEPLOYMENT_TARGET = 8.3;
				MTL_ENABLE_DEBUG_INFO = YES;
				ONLY_ACTIVE_ARCH = YES;
				SDKROOT = iphoneos;
			};
			name = Debug;
		};
		39AAE8B61AF7EBD80085691E /* Release */ = {
			isa = XCBuildConfiguration;
			buildSettings = {
				ALWAYS_SEARCH_USER_PATHS = NO;
				CLANG_CXX_LANGUAGE_STANDARD = "gnu++0x";
				CLANG_CXX_LIBRARY = "libc++";
				CLANG_ENABLE_MODULES = YES;
				CLANG_ENABLE_OBJC_ARC = YES;
				CLANG_WARN_BOOL_CONVERSION = YES;
				CLANG_WARN_CONSTANT_CONVERSION = YES;
				CLANG_WARN_DIRECT_OBJC_ISA_USAGE = YES_ERROR;
				CLANG_WARN_EMPTY_BODY = YES;
				CLANG_WARN_ENUM_CONVERSION = YES;
				CLANG_WARN_INT_CONVERSION = YES;
				CLANG_WARN_OBJC_ROOT_CLASS = YES_ERROR;
				CLANG_WARN_UNREACHABLE_CODE = YES;
				CLANG_WARN__DUPLICATE_METHOD_MATCH = YES;
				"CODE_SIGN_IDENTITY[sdk=iphoneos*]" = "iPhone Developer";
				COPY_PHASE_STRIP = NO;
				DEBUG_INFORMATION_FORMAT = "dwarf-with-dsym";
				ENABLE_NS_ASSERTIONS = NO;
				ENABLE_STRICT_OBJC_MSGSEND = YES;
				GCC_C_LANGUAGE_STANDARD = gnu99;
				GCC_NO_COMMON_BLOCKS = YES;
				GCC_WARN_64_TO_32_BIT_CONVERSION = YES;
				GCC_WARN_ABOUT_RETURN_TYPE = YES_ERROR;
				GCC_WARN_UNDECLARED_SELECTOR = YES;
				GCC_WARN_UNINITIALIZED_AUTOS = YES_AGGRESSIVE;
				GCC_WARN_UNUSED_FUNCTION = YES;
				GCC_WARN_UNUSED_VARIABLE = YES;
				IPHONEOS_DEPLOYMENT_TARGET = 8.3;
				MTL_ENABLE_DEBUG_INFO = NO;
				SDKROOT = iphoneos;
				VALIDATE_PRODUCT = YES;
			};
			name = Release;
		};
		39AAE8B81AF7EBD80085691E /* Debug */ = {
			isa = XCBuildConfiguration;
			buildSettings = {
				ASSETCATALOG_COMPILER_APPICON_NAME = AppIcon;
				INFOPLIST_FILE = BikeShareApp/Info.plist;
				LD_RUNPATH_SEARCH_PATHS = "$(inherited) @executable_path/Frameworks";
				PRODUCT_NAME = "$(TARGET_NAME)";
			};
			name = Debug;
		};
		39AAE8B91AF7EBD80085691E /* Release */ = {
			isa = XCBuildConfiguration;
			buildSettings = {
				ASSETCATALOG_COMPILER_APPICON_NAME = AppIcon;
				INFOPLIST_FILE = BikeShareApp/Info.plist;
				LD_RUNPATH_SEARCH_PATHS = "$(inherited) @executable_path/Frameworks";
				PRODUCT_NAME = "$(TARGET_NAME)";
			};
			name = Release;
		};
		39AAE8BB1AF7EBD80085691E /* Debug */ = {
			isa = XCBuildConfiguration;
			buildSettings = {
				BUNDLE_LOADER = "$(TEST_HOST)";
				FRAMEWORK_SEARCH_PATHS = (
					"$(SDKROOT)/Developer/Library/Frameworks",
					"$(inherited)",
				);
				GCC_PREPROCESSOR_DEFINITIONS = (
					"DEBUG=1",
					"$(inherited)",
				);
				INFOPLIST_FILE = BikeShareAppTests/Info.plist;
				LD_RUNPATH_SEARCH_PATHS = "$(inherited) @executable_path/Frameworks @loader_path/Frameworks";
				PRODUCT_NAME = "$(TARGET_NAME)";
				TEST_HOST = "$(BUILT_PRODUCTS_DIR)/BikeShareApp.app/BikeShareApp";
			};
			name = Debug;
		};
		39AAE8BC1AF7EBD80085691E /* Release */ = {
			isa = XCBuildConfiguration;
			buildSettings = {
				BUNDLE_LOADER = "$(TEST_HOST)";
				FRAMEWORK_SEARCH_PATHS = (
					"$(SDKROOT)/Developer/Library/Frameworks",
					"$(inherited)",
				);
				INFOPLIST_FILE = BikeShareAppTests/Info.plist;
				LD_RUNPATH_SEARCH_PATHS = "$(inherited) @executable_path/Frameworks @loader_path/Frameworks";
				PRODUCT_NAME = "$(TARGET_NAME)";
				TEST_HOST = "$(BUILT_PRODUCTS_DIR)/BikeShareApp.app/BikeShareApp";
			};
			name = Release;
		};
/* End XCBuildConfiguration section */

/* Begin XCConfigurationList section */
		39AAE88F1AF7EBD80085691E /* Build configuration list for PBXProject "BikeShareApp" */ = {
			isa = XCConfigurationList;
			buildConfigurations = (
				39AAE8B51AF7EBD80085691E /* Debug */,
				39AAE8B61AF7EBD80085691E /* Release */,
			);
			defaultConfigurationIsVisible = 0;
			defaultConfigurationName = Release;
		};
		39AAE8B71AF7EBD80085691E /* Build configuration list for PBXNativeTarget "BikeShareApp" */ = {
			isa = XCConfigurationList;
			buildConfigurations = (
				39AAE8B81AF7EBD80085691E /* Debug */,
				39AAE8B91AF7EBD80085691E /* Release */,
			);
			defaultConfigurationIsVisible = 0;
		};
		39AAE8BA1AF7EBD80085691E /* Build configuration list for PBXNativeTarget "BikeShareAppTests" */ = {
			isa = XCConfigurationList;
			buildConfigurations = (
				39AAE8BB1AF7EBD80085691E /* Debug */,
				39AAE8BC1AF7EBD80085691E /* Release */,
			);
			defaultConfigurationIsVisible = 0;
		};
/* End XCConfigurationList section */
	};
	rootObject = 39AAE88C1AF7EBD80085691E /* Project object */;
}
